
Microsoft Visual Studio Solution File, Format Version 12.00
# Visual Studio Version 17
VisualStudioVersion = 17.0.31903.59
MinimumVisualStudioVersion = 10.0.40219.1
Project("{2150E333-8FDC-42A3-9474-1A3956D46DE8}") = "src", "src", "{827E0CD3-B72D-47B6-A68D-7590B98EB39B}"
EndProject
Project("{FAE04EC0-301F-11D3-BF4B-00C04F79EFBC}") = "Kiyaslasana.PL", "src\Kiyaslasana.PL\Kiyaslasana.PL.csproj", "{7A1B3318-94B1-4FC5-B559-D43F824EE9C6}"
EndProject
Project("{FAE04EC0-301F-11D3-BF4B-00C04F79EFBC}") = "Kiyaslasana.BL", "src\Kiyaslasana.BL\Kiyaslasana.BL.csproj", "{F95813B1-3526-4BEA-8DA7-17A5DC33A3EA}"
EndProject
Project("{FAE04EC0-301F-11D3-BF4B-00C04F79EFBC}") = "Kiyaslasana.EL", "src\Kiyaslasana.EL\Kiyaslasana.EL.csproj", "{6E673F2D-F89D-4D7D-A260-F335D2DE5EAE}"
EndProject
Project("{FAE04EC0-301F-11D3-BF4B-00C04F79EFBC}") = "Kiyaslasana.DAL", "src\Kiyaslasana.DAL\Kiyaslasana.DAL.csproj", "{E7988BF4-8862-46DF-B595-1722047AAF26}"
EndProject
Project("{2150E333-8FDC-42A3-9474-1A3956D46DE8}") = "tests", "tests", "{0AB3BF05-4346-4AA6-1389-037BE0695223}"
EndProject
Project("{FAE04EC0-301F-11D3-BF4B-00C04F79EFBC}") = "Kiyaslasana.Tests", "tests\Kiyaslasana.Tests\Kiyaslasana.Tests.csproj", "{D181B624-E2F7-4616-B97A-5FCD8E8AD5B2}"
EndProject
Global
	GlobalSection(SolutionConfigurationPlatforms) = preSolution
		Debug|Any CPU = Debug|Any CPU
		Debug|x64 = Debug|x64
		Debug|x86 = Debug|x86
		Release|Any CPU = Release|Any CPU
		Release|x64 = Release|x64
		Release|x86 = Release|x86
	EndGlobalSection
	GlobalSection(ProjectConfigurationPlatforms) = postSolution
		{7A1B3318-94B1-4FC5-B559-D43F824EE9C6}.Debug|Any CPU.ActiveCfg = Debug|Any CPU
		{7A1B3318-94B1-4FC5-B559-D43F824EE9C6}.Debug|Any CPU.Build.0 = Debug|Any CPU
		{7A1B3318-94B1-4FC5-B559-D43F824EE9C6}.Debug|x64.ActiveCfg = Debug|Any CPU
		{7A1B3318-94B1-4FC5-B559-D43F824EE9C6}.Debug|x64.Build.0 = Debug|Any CPU
		{7A1B3318-94B1-4FC5-B559-D43F824EE9C6}.Debug|x86.ActiveCfg = Debug|Any CPU
		{7A1B3318-94B1-4FC5-B559-D43F824EE9C6}.Debug|x86.Build.0 = Debug|Any CPU
		{7A1B3318-94B1-4FC5-B559-D43F824EE9C6}.Release|Any CPU.ActiveCfg = Release|Any CPU
		{7A1B3318-94B1-4FC5-B559-D43F824EE9C6}.Release|Any CPU.Build.0 = Release|Any CPU
		{7A1B3318-94B1-4FC5-B559-D43F824EE9C6}.Release|x64.ActiveCfg = Release|Any CPU
		{7A1B3318-94B1-4FC5-B559-D43F824EE9C6}.Release|x64.Build.0 = Release|Any CPU
		{7A1B3318-94B1-4FC5-B559-D43F824EE9C6}.Release|x86.ActiveCfg = Release|Any CPU
		{7A1B3318-94B1-4FC5-B559-D43F824EE9C6}.Release|x86.Build.0 = Release|Any CPU
		{F95813B1-3526-4BEA-8DA7-17A5DC33A3EA}.Debug|Any CPU.ActiveCfg = Debug|Any CPU
		{F95813B1-3526-4BEA-8DA7-17A5DC33A3EA}.Debug|Any CPU.Build.0 = Debug|Any CPU
		{F95813B1-3526-4BEA-8DA7-17A5DC33A3EA}.Debug|x64.ActiveCfg = Debug|Any CPU
		{F95813B1-3526-4BEA-8DA7-17A5DC33A3EA}.Debug|x64.Build.0 = Debug|Any CPU
		{F95813B1-3526-4BEA-8DA7-17A5DC33A3EA}.Debug|x86.ActiveCfg = Debug|Any CPU
		{F95813B1-3526-4BEA-8DA7-17A5DC33A3EA}.Debug|x86.Build.0 = Debug|Any CPU
		{F95813B1-3526-4BEA-8DA7-17A5DC33A3EA}.Release|Any CPU.ActiveCfg = Release|Any CPU
		{F95813B1-3526-4BEA-8DA7-17A5DC33A3EA}.Release|Any CPU.Build.0 = Release|Any CPU
		{F95813B1-3526-4BEA-8DA7-17A5DC33A3EA}.Release|x64.ActiveCfg = Release|Any CPU
		{F95813B1-3526-4BEA-8DA7-17A5DC33A3EA}.Release|x64.Build.0 = Release|Any CPU
		{F95813B1-3526-4BEA-8DA7-17A5DC33A3EA}.Release|x86.ActiveCfg = Release|Any CPU
		{F95813B1-3526-4BEA-8DA7-17A5DC33A3EA}.Release|x86.Build.0 = Release|Any CPU
		{6E673F2D-F89D-4D7D-A260-F335D2DE5EAE}.Debug|Any CPU.ActiveCfg = Debug|Any CPU
		{6E673F2D-F89D-4D7D-A260-F335D2DE5EAE}.Debug|Any CPU.Build.0 = Debug|Any CPU
		{6E673F2D-F89D-4D7D-A260-F335D2DE5EAE}.Debug|x64.ActiveCfg = Debug|Any CPU
		{6E673F2D-F89D-4D7D-A260-F335D2DE5EAE}.Debug|x64.Build.0 = Debug|Any CPU
		{6E673F2D-F89D-4D7D-A260-F335D2DE5EAE}.Debug|x86.ActiveCfg = Debug|Any CPU
		{6E673F2D-F89D-4D7D-A260-F335D2DE5EAE}.Debug|x86.Build.0 = Debug|Any CPU
		{6E673F2D-F89D-4D7D-A260-F335D2DE5EAE}.Release|Any CPU.ActiveCfg = Release|Any CPU
		{6E673F2D-F89D-4D7D-A260-F335D2DE5EAE}.Release|Any CPU.Build.0 = Release|Any CPU
		{6E673F2D-F89D-4D7D-A260-F335D2DE5EAE}.Release|x64.ActiveCfg = Release|Any CPU
		{6E673F2D-F89D-4D7D-A260-F335D2DE5EAE}.Release|x64.Build.0 = Release|Any CPU
		{6E673F2D-F89D-4D7D-A260-F335D2DE5EAE}.Release|x86.ActiveCfg = Release|Any CPU
		{6E673F2D-F89D-4D7D-A260-F335D2DE5EAE}.Release|x86.Build.0 = Release|Any CPU
		{E7988BF4-8862-46DF-B595-1722047AAF26}.Debug|Any CPU.ActiveCfg = Debug|Any CPU
		{E7988BF4-8862-46DF-B595-1722047AAF26}.Debug|Any CPU.Build.0 = Debug|Any CPU
		{E7988BF4-8862-46DF-B595-1722047AAF26}.Debug|x64.ActiveCfg = Debug|Any CPU
		{E7988BF4-8862-46DF-B595-1722047AAF26}.Debug|x64.Build.0 = Debug|Any CPU
		{E7988BF4-8862-46DF-B595-1722047AAF26}.Debug|x86.ActiveCfg = Debug|Any CPU
		{E7988BF4-8862-46DF-B595-1722047AAF26}.Debug|x86.Build.0 = Debug|Any CPU
		{E7988BF4-8862-46DF-B595-1722047AAF26}.Release|Any CPU.ActiveCfg = Release|Any CPU
		{E7988BF4-8862-46DF-B595-1722047AAF26}.Release|Any CPU.Build.0 = Release|Any CPU
		{E7988BF4-8862-46DF-B595-1722047AAF26}.Release|x64.ActiveCfg = Release|Any CPU
		{E7988BF4-8862-46DF-B595-1722047AAF26}.Release|x64.Build.0 = Release|Any CPU
		{E7988BF4-8862-46DF-B595-1722047AAF26}.Release|x86.ActiveCfg = Release|Any CPU
		{E7988BF4-8862-46DF-B595-1722047AAF26}.Release|x86.Build.0 = Release|Any CPU
		{D181B624-E2F7-4616-B97A-5FCD8E8AD5B2}.Debug|Any CPU.ActiveCfg = Debug|Any CPU
		{D181B624-E2F7-4616-B97A-5FCD8E8AD5B2}.Debug|Any CPU.Build.0 = Debug|Any CPU
		{D181B624-E2F7-4616-B97A-5FCD8E8AD5B2}.Debug|x64.ActiveCfg = Debug|Any CPU
		{D181B624-E2F7-4616-B97A-5FCD8E8AD5B2}.Debug|x64.Build.0 = Debug|Any CPU
		{D181B624-E2F7-4616-B97A-5FCD8E8AD5B2}.Debug|x86.ActiveCfg = Debug|Any CPU
		{D181B624-E2F7-4616-B97A-5FCD8E8AD5B2}.Debug|x86.Build.0 = Debug|Any CPU
		{D181B624-E2F7-4616-B97A-5FCD8E8AD5B2}.Release|Any CPU.ActiveCfg = Release|Any CPU
		{D181B624-E2F7-4616-B97A-5FCD8E8AD5B2}.Release|Any CPU.Build.0 = Release|Any CPU
		{D181B624-E2F7-4616-B97A-5FCD8E8AD5B2}.Release|x64.ActiveCfg = Release|Any CPU
		{D181B624-E2F7-4616-B97A-5FCD8E8AD5B2}.Release|x64.Build.0 = Release|Any CPU
		{D181B624-E2F7-4616-B97A-5FCD8E8AD5B2}.Release|x86.ActiveCfg = Release|Any CPU
		{D181B624-E2F7-4616-B97A-5FCD8E8AD5B2}.Release|x86.Build.0 = Release|Any CPU
	EndGlobalSection
	GlobalSection(SolutionProperties) = preSolution
		HideSolutionNode = FALSE
	EndGlobalSection
	GlobalSection(NestedProjects) = preSolution
		{7A1B3318-94B1-4FC5-B559-D43F824EE9C6} = {827E0CD3-B72D-47B6-A68D-7590B98EB39B}
		{F95813B1-3526-4BEA-8DA7-17A5DC33A3EA} = {827E0CD3-B72D-47B6-A68D-7590B98EB39B}
		{6E673F2D-F89D-4D7D-A260-F335D2DE5EAE} = {827E0CD3-B72D-47B6-A68D-7590B98EB39B}
		{E7988BF4-8862-46DF-B595-1722047AAF26} = {827E0CD3-B72D-47B6-A68D-7590B98EB39B}
		{D181B624-E2F7-4616-B97A-5FCD8E8AD5B2} = {0AB3BF05-4346-4AA6-1389-037BE0695223}
	EndGlobalSection
EndGlobal
